
Microsoft Visual Studio Solution File, Format Version 12.00
# Visual Studio Version 16
VisualStudioVersion = 16.0.31410.357
MinimumVisualStudioVersion = 10.0.40219.1
Project("{FAE04EC0-301F-11D3-BF4B-00C04F79EFBC}") = "HelloWorld", "HelloWorld\HelloWorld.csproj", "{DEA1C716-2C52-4BF0-A1CA-C9D77542F9D4}"
EndProject
Global
	GlobalSection(SolutionConfigurationPlatforms) = preSolution
		Debug|Any CPU = Debug|Any CPU
		Release|Any CPU = Release|Any CPU
	EndGlobalSection
	GlobalSection(ProjectConfigurationPlatforms) = postSolution
		{DEA1C716-2C52-4BF0-A1CA-C9D77542F9D4}.Debug|Any CPU.ActiveCfg = Debug|Any CPU
		{DEA1C716-2C52-4BF0-A1CA-C9D77542F9D4}.Debug|Any CPU.Build.0 = Debug|Any CPU
		{DEA1C716-2C52-4BF0-A1CA-C9D77542F9D4}.Release|Any CPU.ActiveCfg = Release|Any CPU
		{DEA1C716-2C52-4BF0-A1CA-C9D77542F9D4}.Release|Any CPU.Build.0 = Release|Any CPU
	EndGlobalSection
	GlobalSection(SolutionProperties) = preSolution
		HideSolutionNode = FALSE
	EndGlobalSection
	GlobalSection(ExtensibilityGlobals) = postSolution
		SolutionGuid = {7F297E60-FAAA-45E6-A7D8-0D3A2EBB3314}
	EndGlobalSection
EndGlobal
